// !$*UTF8*$!
{
	archiveVersion = 1;
	classes = {
	};
	objectVersion = 51;
	objects = {

/* Begin PBXBuildFile section */
		1A1B0E156B2561E2FE705417 /* Pods_Echo.framework in Frameworks */ = {isa = PBXBuildFile; fileRef = C8626176CE8D72DEDC4EAD76 /* Pods_Echo.framework */; };
		C73F5B9E22D2D9870022566F /* ChatViewController.swift in Sources */ = {isa = PBXBuildFile; fileRef = C73F5B9D22D2D9870022566F /* ChatViewController.swift */; };
		C7559017212F9CA500FCF504 /* echo.grpc.swift in Sources */ = {isa = PBXBuildFile; fileRef = C7559016212F9CA500FCF504 /* echo.grpc.swift */; };
		C76F5AE421315BE400BE7A7E /* EchoProvider.swift in Sources */ = {isa = PBXBuildFile; fileRef = C76F5AE321315BE400BE7A7E /* EchoProvider.swift */; };
		C79611F322CC3795004FAC36 /* chat.pb.swift in Sources */ = {isa = PBXBuildFile; fileRef = C79611EE22CC3795004FAC36 /* chat.pb.swift */; };
		C79611F422CC3795004FAC36 /* chat.grpc.swift in Sources */ = {isa = PBXBuildFile; fileRef = C79611F022CC3795004FAC36 /* chat.grpc.swift */; };
		C79611F522CC3795004FAC36 /* data.pb.swift in Sources */ = {isa = PBXBuildFile; fileRef = C79611F122CC3795004FAC36 /* data.pb.swift */; };
		C79611F822CC3A62004FAC36 /* chat.grpc.client.swift in Sources */ = {isa = PBXBuildFile; fileRef = C79611F722CC3A62004FAC36 /* chat.grpc.client.swift */; };
		C7AB78A6212F2180005D21DC /* AppDelegate.swift in Sources */ = {isa = PBXBuildFile; fileRef = C7AB78A5212F2180005D21DC /* AppDelegate.swift */; };
		C7AB78A8212F2180005D21DC /* ViewController.swift in Sources */ = {isa = PBXBuildFile; fileRef = C7AB78A7212F2180005D21DC /* ViewController.swift */; };
		C7AB78AB212F2180005D21DC /* Main.storyboard in Resources */ = {isa = PBXBuildFile; fileRef = C7AB78A9212F2180005D21DC /* Main.storyboard */; };
		C7AB78AD212F2180005D21DC /* Assets.xcassets in Resources */ = {isa = PBXBuildFile; fileRef = C7AB78AC212F2180005D21DC /* Assets.xcassets */; };
		C7AB78B0212F2180005D21DC /* LaunchScreen.storyboard in Resources */ = {isa = PBXBuildFile; fileRef = C7AB78AE212F2180005D21DC /* LaunchScreen.storyboard */; };
		C7AB78C7212F26C9005D21DC /* echo.grpc.client.swift in Sources */ = {isa = PBXBuildFile; fileRef = C7AB78C5212F26C9005D21DC /* echo.grpc.client.swift */; };
		C7AB78C8212F26C9005D21DC /* echo.pb.swift in Sources */ = {isa = PBXBuildFile; fileRef = C7AB78C6212F26C9005D21DC /* echo.pb.swift */; };
		C7AB78CE212F29AA005D21DC /* EchoUnaryRequest.swift in Sources */ = {isa = PBXBuildFile; fileRef = C7AB78CA212F29AA005D21DC /* EchoUnaryRequest.swift */; };
		C7AB78CF212F29AA005D21DC /* EchoBidirectionalRequest.swift in Sources */ = {isa = PBXBuildFile; fileRef = C7AB78CB212F29AA005D21DC /* EchoBidirectionalRequest.swift */; };
		C7AB78D0212F29AA005D21DC /* EchoServerRequest.swift in Sources */ = {isa = PBXBuildFile; fileRef = C7AB78CC212F29AA005D21DC /* EchoServerRequest.swift */; };
		C7AB78D1212F29AA005D21DC /* EchoClientRequest.swift in Sources */ = {isa = PBXBuildFile; fileRef = C7AB78CD212F29AA005D21DC /* EchoClientRequest.swift */; };
		C7AB78D5212F2BD7005D21DC /* StreamingViewController.swift in Sources */ = {isa = PBXBuildFile; fileRef = C7AB78D4212F2BD6005D21DC /* StreamingViewController.swift */; };
		C7AB78DB212F8A52005D21DC /* Session+Shared.swift in Sources */ = {isa = PBXBuildFile; fileRef = C7AB78DA212F8A52005D21DC /* Session+Shared.swift */; };
/* End PBXBuildFile section */

/* Begin PBXFileReference section */
		4FFE22EDEC45B3B0F1972A03 /* Pods-Echo.debug.xcconfig */ = {isa = PBXFileReference; includeInIndex = 1; lastKnownFileType = text.xcconfig; name = "Pods-Echo.debug.xcconfig"; path = "Pods/Target Support Files/Pods-Echo/Pods-Echo.debug.xcconfig"; sourceTree = "<group>"; };
		C7559016212F9CA500FCF504 /* echo.grpc.swift */ = {isa = PBXFileReference; fileEncoding = 4; lastKnownFileType = sourcecode.swift; path = echo.grpc.swift; sourceTree = "<group>"; };
		C76F5AE321315BE400BE7A7E /* EchoProvider.swift */ = {isa = PBXFileReference; fileEncoding = 4; lastKnownFileType = sourcecode.swift; path = EchoProvider.swift; sourceTree = "<group>"; };
		C7AB78A2212F2180005D21DC /* Echo.app */ = {isa = PBXFileReference; explicitFileType = wrapper.application; includeInIndex = 0; path = Echo.app; sourceTree = BUILT_PRODUCTS_DIR; };
		C7AB78A5212F2180005D21DC /* AppDelegate.swift */ = {isa = PBXFileReference; lastKnownFileType = sourcecode.swift; path = AppDelegate.swift; sourceTree = "<group>"; };
		C7AB78A7212F2180005D21DC /* ViewController.swift */ = {isa = PBXFileReference; lastKnownFileType = sourcecode.swift; path = ViewController.swift; sourceTree = "<group>"; };
		C7AB78AA212F2180005D21DC /* Base */ = {isa = PBXFileReference; lastKnownFileType = file.storyboard; name = Base; path = Base.lproj/Main.storyboard; sourceTree = "<group>"; };
		C7AB78AC212F2180005D21DC /* Assets.xcassets */ = {isa = PBXFileReference; lastKnownFileType = folder.assetcatalog; path = Assets.xcassets; sourceTree = "<group>"; };
		C7AB78AF212F2180005D21DC /* Base */ = {isa = PBXFileReference; lastKnownFileType = file.storyboard; name = Base; path = Base.lproj/LaunchScreen.storyboard; sourceTree = "<group>"; };
		C7AB78B1212F2180005D21DC /* Info.plist */ = {isa = PBXFileReference; lastKnownFileType = text.plist.xml; path = Info.plist; sourceTree = "<group>"; };
		C7AB78B8212F24B0005D21DC /* CgRPC.framework */ = {isa = PBXFileReference; lastKnownFileType = wrapper.framework; name = CgRPC.framework; path = Carthage/Build/iOS/CgRPC.framework; sourceTree = "<group>"; };
		C7AB78B9212F24B0005D21DC /* SwiftGRPC.framework */ = {isa = PBXFileReference; lastKnownFileType = wrapper.framework; name = SwiftGRPC.framework; path = Carthage/Build/iOS/SwiftGRPC.framework; sourceTree = "<group>"; };
		C7AB78BA212F24B0005D21DC /* SwiftGRPCClient.framework */ = {isa = PBXFileReference; lastKnownFileType = wrapper.framework; name = SwiftGRPCClient.framework; path = Carthage/Build/iOS/SwiftGRPCClient.framework; sourceTree = "<group>"; };
		C7AB78BB212F24B0005D21DC /* BoringSSL.framework */ = {isa = PBXFileReference; lastKnownFileType = wrapper.framework; name = BoringSSL.framework; path = Carthage/Build/iOS/BoringSSL.framework; sourceTree = "<group>"; };
		C7AB78BC212F24B0005D21DC /* SwiftProtobuf.framework */ = {isa = PBXFileReference; lastKnownFileType = wrapper.framework; name = SwiftProtobuf.framework; path = Carthage/Build/iOS/SwiftProtobuf.framework; sourceTree = "<group>"; };
		C7AB78C5212F26C9005D21DC /* echo.grpc.client.swift */ = {isa = PBXFileReference; fileEncoding = 4; lastKnownFileType = sourcecode.swift; path = echo.grpc.client.swift; sourceTree = "<group>"; };
		C7AB78C6212F26C9005D21DC /* echo.pb.swift */ = {isa = PBXFileReference; fileEncoding = 4; lastKnownFileType = sourcecode.swift; path = echo.pb.swift; sourceTree = "<group>"; };
		C7AB78CA212F29AA005D21DC /* EchoUnaryRequest.swift */ = {isa = PBXFileReference; fileEncoding = 4; lastKnownFileType = sourcecode.swift; path = EchoUnaryRequest.swift; sourceTree = "<group>"; };
		C7AB78CB212F29AA005D21DC /* EchoBidirectionalRequest.swift */ = {isa = PBXFileReference; fileEncoding = 4; lastKnownFileType = sourcecode.swift; path = EchoBidirectionalRequest.swift; sourceTree = "<group>"; };
		C7AB78CC212F29AA005D21DC /* EchoServerRequest.swift */ = {isa = PBXFileReference; fileEncoding = 4; lastKnownFileType = sourcecode.swift; path = EchoServerRequest.swift; sourceTree = "<group>"; };
		C7AB78CD212F29AA005D21DC /* EchoClientRequest.swift */ = {isa = PBXFileReference; fileEncoding = 4; lastKnownFileType = sourcecode.swift; path = EchoClientRequest.swift; sourceTree = "<group>"; };
		C7AB78D4212F2BD6005D21DC /* StreamingViewController.swift */ = {isa = PBXFileReference; fileEncoding = 4; lastKnownFileType = sourcecode.swift; path = StreamingViewController.swift; sourceTree = "<group>"; };
		C7AB78DA212F8A52005D21DC /* Session+Shared.swift */ = {isa = PBXFileReference; lastKnownFileType = sourcecode.swift; path = "Session+Shared.swift"; sourceTree = "<group>"; };
		C8626176CE8D72DEDC4EAD76 /* Pods_Echo.framework */ = {isa = PBXFileReference; explicitFileType = wrapper.framework; includeInIndex = 0; path = Pods_Echo.framework; sourceTree = BUILT_PRODUCTS_DIR; };
		F22A3519DAE12D4E3E33EBB7 /* Pods-Echo.release.xcconfig */ = {isa = PBXFileReference; includeInIndex = 1; lastKnownFileType = text.xcconfig; name = "Pods-Echo.release.xcconfig"; path = "Pods/Target Support Files/Pods-Echo/Pods-Echo.release.xcconfig"; sourceTree = "<group>"; };
/* End PBXFileReference section */

/* Begin PBXFrameworksBuildPhase section */
		C7AB789F212F2180005D21DC /* Frameworks */ = {
			isa = PBXFrameworksBuildPhase;
			buildActionMask = 2147483647;
			files = (
				1A1B0E156B2561E2FE705417 /* Pods_Echo.framework in Frameworks */,
			);
			runOnlyForDeploymentPostprocessing = 0;
		};
/* End PBXFrameworksBuildPhase section */

/* Begin PBXGroup section */
		C1B9BA03D073D4985A3369C2 /* Pods */ = {
			isa = PBXGroup;
			children = (
				4FFE22EDEC45B3B0F1972A03 /* Pods-Echo.debug.xcconfig */,
				F22A3519DAE12D4E3E33EBB7 /* Pods-Echo.release.xcconfig */,
			);
			name = Pods;
			sourceTree = "<group>";
		};
		C7559018212F9CB800FCF504 /* Providers */ = {
			isa = PBXGroup;
			children = (
				C76F5AE321315BE400BE7A7E /* EchoProvider.swift */,
			);
			path = Providers;
			sourceTree = "<group>";
		};
		C7AB7899212F2180005D21DC = {
			isa = PBXGroup;
			children = (
				C7AB78A4212F2180005D21DC /* Echo */,
				C7AB78A3212F2180005D21DC /* Products */,
				C7AB78B7212F24B0005D21DC /* Frameworks */,
				C1B9BA03D073D4985A3369C2 /* Pods */,
			);
			sourceTree = "<group>";
		};
		C7AB78A3212F2180005D21DC /* Products */ = {
			isa = PBXGroup;
			children = (
				C7AB78A2212F2180005D21DC /* Echo.app */,
			);
			name = Products;
			sourceTree = "<group>";
		};
		C7AB78A4212F2180005D21DC /* Echo */ = {
			isa = PBXGroup;
			children = (
				C7AB78C4212F26C9005D21DC /* Generated */,
				C7559018212F9CB800FCF504 /* Providers */,
				C7AB78C9212F29AA005D21DC /* Requests */,
				C7AB78A5212F2180005D21DC /* AppDelegate.swift */,
				C7AB78D4212F2BD6005D21DC /* StreamingViewController.swift */,
				C7AB78A7212F2180005D21DC /* ViewController.swift */,
				C7AB78A9212F2180005D21DC /* Main.storyboard */,
				C7AB78AC212F2180005D21DC /* Assets.xcassets */,
				C7AB78AE212F2180005D21DC /* LaunchScreen.storyboard */,
				C7AB78B1212F2180005D21DC /* Info.plist */,
				C7AB78DA212F8A52005D21DC /* Session+Shared.swift */,
			);
			path = Echo;
			sourceTree = "<group>";
		};
		C7AB78B7212F24B0005D21DC /* Frameworks */ = {
			isa = PBXGroup;
			children = (
				C7AB78BB212F24B0005D21DC /* BoringSSL.framework */,
				C7AB78B8212F24B0005D21DC /* CgRPC.framework */,
				C7AB78B9212F24B0005D21DC /* SwiftGRPC.framework */,
				C7AB78BA212F24B0005D21DC /* SwiftGRPCClient.framework */,
				C7AB78BC212F24B0005D21DC /* SwiftProtobuf.framework */,
				C8626176CE8D72DEDC4EAD76 /* Pods_Echo.framework */,
			);
			name = Frameworks;
			sourceTree = "<group>";
		};
		C7AB78C4212F26C9005D21DC /* Generated */ = {
			isa = PBXGroup;
			children = (
				C7AB78C5212F26C9005D21DC /* echo.grpc.client.swift */,
				C7559016212F9CA500FCF504 /* echo.grpc.swift */,
				C7AB78C6212F26C9005D21DC /* echo.pb.swift */,
			);
			path = Generated;
			sourceTree = "<group>";
		};
		C7AB78C9212F29AA005D21DC /* Requests */ = {
			isa = PBXGroup;
			children = (
				C7AB78CA212F29AA005D21DC /* EchoUnaryRequest.swift */,
				C7AB78CB212F29AA005D21DC /* EchoBidirectionalRequest.swift */,
				C7AB78CC212F29AA005D21DC /* EchoServerRequest.swift */,
				C7AB78CD212F29AA005D21DC /* EchoClientRequest.swift */,
			);
			path = Requests;
			sourceTree = "<group>";
		};
/* End PBXGroup section */

/* Begin PBXNativeTarget section */
		C7AB78A1212F2180005D21DC /* Echo */ = {
			isa = PBXNativeTarget;
			buildConfigurationList = C7AB78B4212F2180005D21DC /* Build configuration list for PBXNativeTarget "Echo" */;
			buildPhases = (
				EEECA887485A485F7CD42EE6 /* [CP] Check Pods Manifest.lock */,
				C7AB789E212F2180005D21DC /* Sources */,
				C7AB789F212F2180005D21DC /* Frameworks */,
				C7AB78A0212F2180005D21DC /* Resources */,
				988C359FCAB200EBAD833E0B /* [CP] Embed Pods Frameworks */,
			);
			buildRules = (
			);
			dependencies = (
			);
			name = Echo;
			productName = Echo;
			productReference = C7AB78A2212F2180005D21DC /* Echo.app */;
			productType = "com.apple.product-type.application";
		};
/* End PBXNativeTarget section */

/* Begin PBXProject section */
		C7AB789A212F2180005D21DC /* Project object */ = {
			isa = PBXProject;
			attributes = {
				LastSwiftUpdateCheck = 0940;
				LastUpgradeCheck = 1100;
				ORGANIZATIONNAME = "CyberAgent, Inc.";
				TargetAttributes = {
					C7AB78A1212F2180005D21DC = {
						CreatedOnToolsVersion = 9.4.1;
						LastSwiftMigration = 1100;
					};
				};
			};
			buildConfigurationList = C7AB789D212F2180005D21DC /* Build configuration list for PBXProject "Echo" */;
			compatibilityVersion = "Xcode 9.3";
			developmentRegion = en;
			hasScannedForEncodings = 0;
			knownRegions = (
				en,
				Base,
			);
			mainGroup = C7AB7899212F2180005D21DC;
			productRefGroup = C7AB78A3212F2180005D21DC /* Products */;
			projectDirPath = "";
			projectRoot = "";
			targets = (
				C7AB78A1212F2180005D21DC /* Echo */,
			);
		};
/* End PBXProject section */

/* Begin PBXResourcesBuildPhase section */
		C7AB78A0212F2180005D21DC /* Resources */ = {
			isa = PBXResourcesBuildPhase;
			buildActionMask = 2147483647;
			files = (
				C7AB78B0212F2180005D21DC /* LaunchScreen.storyboard in Resources */,
				C7AB78AD212F2180005D21DC /* Assets.xcassets in Resources */,
				C7AB78AB212F2180005D21DC /* Main.storyboard in Resources */,
			);
			runOnlyForDeploymentPostprocessing = 0;
		};
/* End PBXResourcesBuildPhase section */

/* Begin PBXShellScriptBuildPhase section */
		988C359FCAB200EBAD833E0B /* [CP] Embed Pods Frameworks */ = {
			isa = PBXShellScriptBuildPhase;
			buildActionMask = 2147483647;
			files = (
			);
			inputFileListPaths = (
				"${PODS_ROOT}/Target Support Files/Pods-Echo/Pods-Echo-frameworks-${CONFIGURATION}-input-files.xcfilelist",
			);
			name = "[CP] Embed Pods Frameworks";
			outputFileListPaths = (
				"${PODS_ROOT}/Target Support Files/Pods-Echo/Pods-Echo-frameworks-${CONFIGURATION}-output-files.xcfilelist",
			);
			runOnlyForDeploymentPostprocessing = 0;
			shellPath = /bin/sh;
			shellScript = "\"${PODS_ROOT}/Target Support Files/Pods-Echo/Pods-Echo-frameworks.sh\"\n";
			showEnvVarsInLog = 0;
		};
		EEECA887485A485F7CD42EE6 /* [CP] Check Pods Manifest.lock */ = {
			isa = PBXShellScriptBuildPhase;
			buildActionMask = 2147483647;
			files = (
			);
			inputPaths = (
				"${PODS_PODFILE_DIR_PATH}/Podfile.lock",
				"${PODS_ROOT}/Manifest.lock",
			);
			name = "[CP] Check Pods Manifest.lock";
			outputPaths = (
				"$(DERIVED_FILE_DIR)/Pods-Echo-checkManifestLockResult.txt",
			);
			runOnlyForDeploymentPostprocessing = 0;
			shellPath = /bin/sh;
			shellScript = "diff \"${PODS_PODFILE_DIR_PATH}/Podfile.lock\" \"${PODS_ROOT}/Manifest.lock\" > /dev/null\nif [ $? != 0 ] ; then\n    # print error to STDERR\n    echo \"error: The sandbox is not in sync with the Podfile.lock. Run 'pod install' or update your CocoaPods installation.\" >&2\n    exit 1\nfi\n# This output is used by Xcode 'outputs' to avoid re-running this script phase.\necho \"SUCCESS\" > \"${SCRIPT_OUTPUT_FILE_0}\"\n";
			showEnvVarsInLog = 0;
		};
/* End PBXShellScriptBuildPhase section */

/* Begin PBXSourcesBuildPhase section */
		C7AB789E212F2180005D21DC /* Sources */ = {
			isa = PBXSourcesBuildPhase;
			buildActionMask = 2147483647;
			files = (
				C7AB78CE212F29AA005D21DC /* EchoUnaryRequest.swift in Sources */,
				C7AB78D1212F29AA005D21DC /* EchoClientRequest.swift in Sources */,
				C7AB78D0212F29AA005D21DC /* EchoServerRequest.swift in Sources */,
				C7AB78A8212F2180005D21DC /* ViewController.swift in Sources */,
				C76F5AE421315BE400BE7A7E /* EchoProvider.swift in Sources */,
				C7AB78A6212F2180005D21DC /* AppDelegate.swift in Sources */,
				C7AB78C7212F26C9005D21DC /* echo.grpc.client.swift in Sources */,
				C7AB78DB212F8A52005D21DC /* Session+Shared.swift in Sources */,
				C7AB78CF212F29AA005D21DC /* EchoBidirectionalRequest.swift in Sources */,
				C7AB78C8212F26C9005D21DC /* echo.pb.swift in Sources */,
				C7AB78D5212F2BD7005D21DC /* StreamingViewController.swift in Sources */,
				C7559017212F9CA500FCF504 /* echo.grpc.swift in Sources */,
			);
			runOnlyForDeploymentPostprocessing = 0;
		};
/* End PBXSourcesBuildPhase section */

/* Begin PBXVariantGroup section */
		C7AB78A9212F2180005D21DC /* Main.storyboard */ = {
			isa = PBXVariantGroup;
			children = (
				C7AB78AA212F2180005D21DC /* Base */,
			);
			name = Main.storyboard;
			sourceTree = "<group>";
		};
		C7AB78AE212F2180005D21DC /* LaunchScreen.storyboard */ = {
			isa = PBXVariantGroup;
			children = (
				C7AB78AF212F2180005D21DC /* Base */,
			);
			name = LaunchScreen.storyboard;
			sourceTree = "<group>";
		};
/* End PBXVariantGroup section */

/* Begin XCBuildConfiguration section */
		C7AB78B2212F2180005D21DC /* Debug */ = {
			isa = XCBuildConfiguration;
			buildSettings = {
				ALWAYS_SEARCH_USER_PATHS = NO;
				CLANG_ANALYZER_NONNULL = YES;
				CLANG_ANALYZER_NUMBER_OBJECT_CONVERSION = YES_AGGRESSIVE;
				CLANG_CXX_LANGUAGE_STANDARD = "gnu++14";
				CLANG_CXX_LIBRARY = "libc++";
				CLANG_ENABLE_MODULES = YES;
				CLANG_ENABLE_OBJC_ARC = YES;
				CLANG_ENABLE_OBJC_WEAK = YES;
				CLANG_WARN_BLOCK_CAPTURE_AUTORELEASING = YES;
				CLANG_WARN_BOOL_CONVERSION = YES;
				CLANG_WARN_COMMA = YES;
				CLANG_WARN_CONSTANT_CONVERSION = YES;
				CLANG_WARN_DEPRECATED_OBJC_IMPLEMENTATIONS = YES;
				CLANG_WARN_DIRECT_OBJC_ISA_USAGE = YES_ERROR;
				CLANG_WARN_DOCUMENTATION_COMMENTS = YES;
				CLANG_WARN_EMPTY_BODY = YES;
				CLANG_WARN_ENUM_CONVERSION = YES;
				CLANG_WARN_INFINITE_RECURSION = YES;
				CLANG_WARN_INT_CONVERSION = YES;
				CLANG_WARN_NON_LITERAL_NULL_CONVERSION = YES;
				CLANG_WARN_OBJC_IMPLICIT_RETAIN_SELF = YES;
				CLANG_WARN_OBJC_LITERAL_CONVERSION = YES;
				CLANG_WARN_OBJC_ROOT_CLASS = YES_ERROR;
				CLANG_WARN_RANGE_LOOP_ANALYSIS = YES;
				CLANG_WARN_STRICT_PROTOTYPES = YES;
				CLANG_WARN_SUSPICIOUS_MOVE = YES;
				CLANG_WARN_UNGUARDED_AVAILABILITY = YES_AGGRESSIVE;
				CLANG_WARN_UNREACHABLE_CODE = YES;
				CLANG_WARN__DUPLICATE_METHOD_MATCH = YES;
				CODE_SIGN_IDENTITY = "iPhone Developer";
				COPY_PHASE_STRIP = NO;
				DEBUG_INFORMATION_FORMAT = dwarf;
				ENABLE_STRICT_OBJC_MSGSEND = YES;
				ENABLE_TESTABILITY = YES;
				GCC_C_LANGUAGE_STANDARD = gnu11;
				GCC_DYNAMIC_NO_PIC = NO;
				GCC_NO_COMMON_BLOCKS = YES;
				GCC_OPTIMIZATION_LEVEL = 0;
				GCC_PREPROCESSOR_DEFINITIONS = (
					"DEBUG=1",
					"$(inherited)",
				);
				GCC_WARN_64_TO_32_BIT_CONVERSION = YES;
				GCC_WARN_ABOUT_RETURN_TYPE = YES_ERROR;
				GCC_WARN_UNDECLARED_SELECTOR = YES;
				GCC_WARN_UNINITIALIZED_AUTOS = YES_AGGRESSIVE;
				GCC_WARN_UNUSED_FUNCTION = YES;
				GCC_WARN_UNUSED_VARIABLE = YES;
				IPHONEOS_DEPLOYMENT_TARGET = 9.0;
				MTL_ENABLE_DEBUG_INFO = YES;
				ONLY_ACTIVE_ARCH = YES;
				SDKROOT = iphoneos;
				SWIFT_ACTIVE_COMPILATION_CONDITIONS = DEBUG;
				SWIFT_OPTIMIZATION_LEVEL = "-Onone";
			};
			name = Debug;
		};
		C7AB78B3212F2180005D21DC /* Release */ = {
			isa = XCBuildConfiguration;
			buildSettings = {
				ALWAYS_SEARCH_USER_PATHS = NO;
				CLANG_ANALYZER_NONNULL = YES;
				CLANG_ANALYZER_NUMBER_OBJECT_CONVERSION = YES_AGGRESSIVE;
				CLANG_CXX_LANGUAGE_STANDARD = "gnu++14";
				CLANG_CXX_LIBRARY = "libc++";
				CLANG_ENABLE_MODULES = YES;
				CLANG_ENABLE_OBJC_ARC = YES;
				CLANG_ENABLE_OBJC_WEAK = YES;
				CLANG_WARN_BLOCK_CAPTURE_AUTORELEASING = YES;
				CLANG_WARN_BOOL_CONVERSION = YES;
				CLANG_WARN_COMMA = YES;
				CLANG_WARN_CONSTANT_CONVERSION = YES;
				CLANG_WARN_DEPRECATED_OBJC_IMPLEMENTATIONS = YES;
				CLANG_WARN_DIRECT_OBJC_ISA_USAGE = YES_ERROR;
				CLANG_WARN_DOCUMENTATION_COMMENTS = YES;
				CLANG_WARN_EMPTY_BODY = YES;
				CLANG_WARN_ENUM_CONVERSION = YES;
				CLANG_WARN_INFINITE_RECURSION = YES;
				CLANG_WARN_INT_CONVERSION = YES;
				CLANG_WARN_NON_LITERAL_NULL_CONVERSION = YES;
				CLANG_WARN_OBJC_IMPLICIT_RETAIN_SELF = YES;
				CLANG_WARN_OBJC_LITERAL_CONVERSION = YES;
				CLANG_WARN_OBJC_ROOT_CLASS = YES_ERROR;
				CLANG_WARN_RANGE_LOOP_ANALYSIS = YES;
				CLANG_WARN_STRICT_PROTOTYPES = YES;
				CLANG_WARN_SUSPICIOUS_MOVE = YES;
				CLANG_WARN_UNGUARDED_AVAILABILITY = YES_AGGRESSIVE;
				CLANG_WARN_UNREACHABLE_CODE = YES;
				CLANG_WARN__DUPLICATE_METHOD_MATCH = YES;
				CODE_SIGN_IDENTITY = "iPhone Developer";
				COPY_PHASE_STRIP = NO;
				DEBUG_INFORMATION_FORMAT = "dwarf-with-dsym";
				ENABLE_NS_ASSERTIONS = NO;
				ENABLE_STRICT_OBJC_MSGSEND = YES;
				GCC_C_LANGUAGE_STANDARD = gnu11;
				GCC_NO_COMMON_BLOCKS = YES;
				GCC_WARN_64_TO_32_BIT_CONVERSION = YES;
				GCC_WARN_ABOUT_RETURN_TYPE = YES_ERROR;
				GCC_WARN_UNDECLARED_SELECTOR = YES;
				GCC_WARN_UNINITIALIZED_AUTOS = YES_AGGRESSIVE;
				GCC_WARN_UNUSED_FUNCTION = YES;
				GCC_WARN_UNUSED_VARIABLE = YES;
				IPHONEOS_DEPLOYMENT_TARGET = 9.0;
				MTL_ENABLE_DEBUG_INFO = NO;
				SDKROOT = iphoneos;
				SWIFT_COMPILATION_MODE = wholemodule;
				SWIFT_OPTIMIZATION_LEVEL = "-O";
				VALIDATE_PRODUCT = YES;
			};
			name = Release;
		};
		C7AB78B5212F2180005D21DC /* Debug */ = {
			isa = XCBuildConfiguration;
			baseConfigurationReference = 4FFE22EDEC45B3B0F1972A03 /* Pods-Echo.debug.xcconfig */;
			buildSettings = {
				ASSETCATALOG_COMPILER_APPICON_NAME = AppIcon;
				CODE_SIGN_STYLE = Automatic;
				FRAMEWORK_SEARCH_PATHS = "$(inherited)";
				INFOPLIST_FILE = Echo/Info.plist;
				LD_RUNPATH_SEARCH_PATHS = (
					"$(inherited)",
					"@executable_path/Frameworks",
				);
				PRODUCT_BUNDLE_IDENTIFIER = jp.co.cyberagent.SwiftGRPCClient.Echo;
				PRODUCT_NAME = "$(TARGET_NAME)";
				SWIFT_VERSION = 5.0;
				TARGETED_DEVICE_FAMILY = "1,2";
			};
			name = Debug;
		};
		C7AB78B6212F2180005D21DC /* Release */ = {
			isa = XCBuildConfiguration;
			baseConfigurationReference = F22A3519DAE12D4E3E33EBB7 /* Pods-Echo.release.xcconfig */;
			buildSettings = {
				ASSETCATALOG_COMPILER_APPICON_NAME = AppIcon;
				CODE_SIGN_STYLE = Automatic;
				FRAMEWORK_SEARCH_PATHS = "$(inherited)";
				INFOPLIST_FILE = Echo/Info.plist;
				LD_RUNPATH_SEARCH_PATHS = (
					"$(inherited)",
					"@executable_path/Frameworks",
				);
				PRODUCT_BUNDLE_IDENTIFIER = jp.co.cyberagent.SwiftGRPCClient.Echo;
				PRODUCT_NAME = "$(TARGET_NAME)";
				SWIFT_VERSION = 5.0;
				TARGETED_DEVICE_FAMILY = "1,2";
			};
			name = Release;
		};
/* End XCBuildConfiguration section */

/* Begin XCConfigurationList section */
		C7AB789D212F2180005D21DC /* Build configuration list for PBXProject "Echo" */ = {
			isa = XCConfigurationList;
			buildConfigurations = (
				C7AB78B2212F2180005D21DC /* Debug */,
				C7AB78B3212F2180005D21DC /* Release */,
			);
			defaultConfigurationIsVisible = 0;
			defaultConfigurationName = Release;
		};
		C7AB78B4212F2180005D21DC /* Build configuration list for PBXNativeTarget "Echo" */ = {
			isa = XCConfigurationList;
			buildConfigurations = (
				C7AB78B5212F2180005D21DC /* Debug */,
				C7AB78B6212F2180005D21DC /* Release */,
			);
			defaultConfigurationIsVisible = 0;
			defaultConfigurationName = Release;
		};
/* End XCConfigurationList section */
	};
	rootObject = C7AB789A212F2180005D21DC /* Project object */;
}
