PODS:
  - BoringSSL (10.0.6):
    - BoringSSL/Implementation (= 10.0.6)
    - BoringSSL/Interface (= 10.0.6)
  - BoringSSL-GRPC (0.0.3):
    - BoringSSL-GRPC/Implementation (= 0.0.3)
    - BoringSSL-GRPC/Interface (= 0.0.3)
  - BoringSSL-GRPC/Implementation (0.0.3):
    - BoringSSL-GRPC/Interface (= 0.0.3)
  - BoringSSL-GRPC/Interface (0.0.3)
  - BoringSSL/Implementation (10.0.6):
    - BoringSSL/Interface (= 10.0.6)
  - BoringSSL/Interface (10.0.6)
  - gRPC-Core (1.19.0):
    - gRPC-Core/Implementation (= 1.19.0)
    - gRPC-Core/Interface (= 1.19.0)
  - gRPC-Core/Implementation (1.19.0):
    - BoringSSL-GRPC (= 0.0.3)
    - gRPC-Core/Interface (= 1.19.0)
    - nanopb (~> 0.3)
  - gRPC-Core/Interface (1.19.0)
  - nanopb (0.3.901):
    - nanopb/decode (= 0.3.901)
    - nanopb/encode (= 0.3.901)
  - nanopb/decode (0.3.901)
  - nanopb/encode (0.3.901)
  - SwiftGRPC (0.9.0):
    - BoringSSL (~> 10.0)
    - gRPC-Core (~> 1.19.0)
    - SwiftProtobuf (~> 1.5.0)
  - SwiftGRPCClient (0.2.0):
    - SwiftGRPC (~> 0.9.0)
  - SwiftProtobuf (1.5.0)

DEPENDENCIES:
  - SwiftGRPCClient (from `../../`)

SPEC REPOS:
  https://github.com/cocoapods/specs.git:
    - BoringSSL
    - BoringSSL-GRPC
    - gRPC-Core
    - nanopb
    - SwiftGRPC
    - SwiftProtobuf

EXTERNAL SOURCES:
  SwiftGRPCClient:
    :path: "../../"

SPEC CHECKSUMS:
  BoringSSL: e10f92a27043805c01071fe815a5cd98ae8212e7
  BoringSSL-GRPC: db8764df3204ccea016e1c8dd15d9a9ad63ff318
  gRPC-Core: bd9472c8daa2e414b9f8038ba667bf56ce0e02b8
  nanopb: 2901f78ea1b7b4015c860c2fdd1ea2fee1a18d48
  SwiftGRPC: 25c008ae77c849ab292c138bfe4dbf57a9ad866e
  SwiftGRPCClient: b1afbc1f97fb8b901b68c7be4809446628b7a71c
  SwiftProtobuf: 241400280f912735c1e1b9fe675fdd2c6c4d42e2

PODFILE CHECKSUM: 8e508383db2f15029b4dc1866a65f0cba69cd7a5

COCOAPODS: 1.7.2
